
Microsoft Visual Studio Solution File, Format Version 12.00
# Visual Studio 15
VisualStudioVersion = 15.0.28010.2050
MinimumVisualStudioVersion = 10.0.40219.1
Project("{9A19103F-16F7-4668-BE54-9A1E7A4F7556}") = "GemSto.Web", "GemSto.Web\GemSto.Web.csproj", "{A21DC6D6-A7FE-483A-86BA-980609867B46}"
EndProject
Project("{9A19103F-16F7-4668-BE54-9A1E7A4F7556}") = "GemSto.Data", "GemSto.Data\GemSto.Data.csproj", "{E7573880-EDC5-4116-B427-325EB70AD36F}"
EndProject
Project("{9A19103F-16F7-4668-BE54-9A1E7A4F7556}") = "GemSto.Domain", "GemSto.Domain\GemSto.Domain.csproj", "{799AFE31-F144-4366-BEC2-C5CE29CA8903}"
EndProject
Project("{9A19103F-16F7-4668-BE54-9A1E7A4F7556}") = "GemSto.Service", "GemSto.Service\GemSto.Service.csproj", "{164F5DE7-542F-4CF2-8D12-CC14277A129A}"
EndProject
Project("{FAE04EC0-301F-11D3-BF4B-00C04F79EFBC}") = "GemSto.Common", "GemSto.Common\GemSto.Common.csproj", "{19D61F8B-8D3B-46D6-BF3B-49B9B9F9AC59}"
EndProject
Global
	GlobalSection(SolutionConfigurationPlatforms) = preSolution
		Debug|Any CPU = Debug|Any CPU
		Release|Any CPU = Release|Any CPU
	EndGlobalSection
	GlobalSection(ProjectConfigurationPlatforms) = postSolution
		{A21DC6D6-A7FE-483A-86BA-980609867B46}.Debug|Any CPU.ActiveCfg = Debug|Any CPU
		{A21DC6D6-A7FE-483A-86BA-980609867B46}.Debug|Any CPU.Build.0 = Debug|Any CPU
		{A21DC6D6-A7FE-483A-86BA-980609867B46}.Release|Any CPU.ActiveCfg = Release|Any CPU
		{A21DC6D6-A7FE-483A-86BA-980609867B46}.Release|Any CPU.Build.0 = Release|Any CPU
		{E7573880-EDC5-4116-B427-325EB70AD36F}.Debug|Any CPU.ActiveCfg = Debug|Any CPU
		{E7573880-EDC5-4116-B427-325EB70AD36F}.Debug|Any CPU.Build.0 = Debug|Any CPU
		{E7573880-EDC5-4116-B427-325EB70AD36F}.Release|Any CPU.ActiveCfg = Release|Any CPU
		{E7573880-EDC5-4116-B427-325EB70AD36F}.Release|Any CPU.Build.0 = Release|Any CPU
		{799AFE31-F144-4366-BEC2-C5CE29CA8903}.Debug|Any CPU.ActiveCfg = Debug|Any CPU
		{799AFE31-F144-4366-BEC2-C5CE29CA8903}.Debug|Any CPU.Build.0 = Debug|Any CPU
		{799AFE31-F144-4366-BEC2-C5CE29CA8903}.Release|Any CPU.ActiveCfg = Release|Any CPU
		{799AFE31-F144-4366-BEC2-C5CE29CA8903}.Release|Any CPU.Build.0 = Release|Any CPU
		{164F5DE7-542F-4CF2-8D12-CC14277A129A}.Debug|Any CPU.ActiveCfg = Debug|Any CPU
		{164F5DE7-542F-4CF2-8D12-CC14277A129A}.Debug|Any CPU.Build.0 = Debug|Any CPU
		{164F5DE7-542F-4CF2-8D12-CC14277A129A}.Release|Any CPU.ActiveCfg = Release|Any CPU
		{164F5DE7-542F-4CF2-8D12-CC14277A129A}.Release|Any CPU.Build.0 = Release|Any CPU
		{19D61F8B-8D3B-46D6-BF3B-49B9B9F9AC59}.Debug|Any CPU.ActiveCfg = Debug|Any CPU
		{19D61F8B-8D3B-46D6-BF3B-49B9B9F9AC59}.Debug|Any CPU.Build.0 = Debug|Any CPU
		{19D61F8B-8D3B-46D6-BF3B-49B9B9F9AC59}.Release|Any CPU.ActiveCfg = Release|Any CPU
		{19D61F8B-8D3B-46D6-BF3B-49B9B9F9AC59}.Release|Any CPU.Build.0 = Release|Any CPU
	EndGlobalSection
	GlobalSection(SolutionProperties) = preSolution
		HideSolutionNode = FALSE
	EndGlobalSection
	GlobalSection(ExtensibilityGlobals) = postSolution
		SolutionGuid = {B14B5F17-81CA-4697-88A9-4AAC93AFA1F0}
	EndGlobalSection
EndGlobal
